
Microsoft Visual Studio Solution File, Format Version 12.00
# Visual Studio Version 16
VisualStudioVersion = 16.0.30011.22
MinimumVisualStudioVersion = 10.0.40219.1
Project("{FAE04EC0-301F-11D3-BF4B-00C04F79EFBC}") = "AnalySim", "AnalySim.csproj", "{2FF86EB9-0BD5-46E1-8CFF-6E0C7FE4CBDB}"
EndProject
Global
	GlobalSection(SolutionConfigurationPlatforms) = preSolution
		Debug|Any CPU = Debug|Any CPU
		Release|Any CPU = Release|Any CPU
	EndGlobalSection
	GlobalSection(ProjectConfigurationPlatforms) = postSolution
		{2FF86EB9-0BD5-46E1-8CFF-6E0C7FE4CBDB}.Debug|Any CPU.ActiveCfg = Debug|Any CPU
		{2FF86EB9-0BD5-46E1-8CFF-6E0C7FE4CBDB}.Debug|Any CPU.Build.0 = Debug|Any CPU
		{2FF86EB9-0BD5-46E1-8CFF-6E0C7FE4CBDB}.Release|Any CPU.ActiveCfg = Release|Any CPU
		{2FF86EB9-0BD5-46E1-8CFF-6E0C7FE4CBDB}.Release|Any CPU.Build.0 = Release|Any CPU
	EndGlobalSection
	GlobalSection(SolutionProperties) = preSolution
		HideSolutionNode = FALSE
	EndGlobalSection
	GlobalSection(ExtensibilityGlobals) = postSolution
		SolutionGuid = {D825C229-FA22-4E07-91B0-587E99F20753}
	EndGlobalSection
EndGlobal
