
Microsoft Visual Studio Solution File, Format Version 12.00
# Visual Studio Version 16
VisualStudioVersion = 16.0.29709.97
MinimumVisualStudioVersion = 10.0.40219.1
Project("{FAE04EC0-301F-11D3-BF4B-00C04F79EFBC}") = "NeuroSimHub", "NeuroSimHub.csproj", "{355C8B88-889A-4655-9EF4-42B8E2B4ACE9}"
EndProject
Global
	GlobalSection(SolutionConfigurationPlatforms) = preSolution
		Debug|Any CPU = Debug|Any CPU
		Release|Any CPU = Release|Any CPU
	EndGlobalSection
	GlobalSection(ProjectConfigurationPlatforms) = postSolution
		{355C8B88-889A-4655-9EF4-42B8E2B4ACE9}.Debug|Any CPU.ActiveCfg = Debug|Any CPU
		{355C8B88-889A-4655-9EF4-42B8E2B4ACE9}.Debug|Any CPU.Build.0 = Debug|Any CPU
		{355C8B88-889A-4655-9EF4-42B8E2B4ACE9}.Release|Any CPU.ActiveCfg = Release|Any CPU
		{355C8B88-889A-4655-9EF4-42B8E2B4ACE9}.Release|Any CPU.Build.0 = Release|Any CPU
	EndGlobalSection
	GlobalSection(SolutionProperties) = preSolution
		HideSolutionNode = FALSE
	EndGlobalSection
	GlobalSection(ExtensibilityGlobals) = postSolution
		SolutionGuid = {F8F843F4-54A6-4C91-A29A-C0BDEBE5EEAF}
	EndGlobalSection
EndGlobal
